// !$*UTF8*$!
{
	archiveVersion = 1;
	classes = {
	};
	objectVersion = 56;
	objects = {

/* Begin PBXBuildFile section */
		6A7C68F829A8B83B001A0EDC /* SignManager.swift in Sources */ = {isa = PBXBuildFile; fileRef = 6A7C68F729A8B83B001A0EDC /* SignManager.swift */; };
		6A7D14BB29A63A1C00482F3A /* AppDelegate.m in Sources */ = {isa = PBXBuildFile; fileRef = 6A7D14BA29A63A1C00482F3A /* AppDelegate.m */; };
		6A7D14BE29A63A1C00482F3A /* SceneDelegate.m in Sources */ = {isa = PBXBuildFile; fileRef = 6A7D14BD29A63A1C00482F3A /* SceneDelegate.m */; };
		6A7D14C129A63A1C00482F3A /* ViewController.m in Sources */ = {isa = PBXBuildFile; fileRef = 6A7D14C029A63A1C00482F3A /* ViewController.m */; };
		6A7D14C429A63A1C00482F3A /* Main.storyboard in Resources */ = {isa = PBXBuildFile; fileRef = 6A7D14C229A63A1C00482F3A /* Main.storyboard */; };
		6A7D14C629A63A1E00482F3A /* Assets.xcassets in Resources */ = {isa = PBXBuildFile; fileRef = 6A7D14C529A63A1E00482F3A /* Assets.xcassets */; };
		6A7D14C929A63A1E00482F3A /* LaunchScreen.storyboard in Resources */ = {isa = PBXBuildFile; fileRef = 6A7D14C729A63A1E00482F3A /* LaunchScreen.storyboard */; };
		6A7D14CC29A63A1E00482F3A /* main.m in Sources */ = {isa = PBXBuildFile; fileRef = 6A7D14CB29A63A1E00482F3A /* main.m */; };
		87B22A0B783408EB02E55D62 /* Pods_sendingnetworkSDK_oc_demo.framework in Frameworks */ = {isa = PBXBuildFile; fileRef = 8126AA5811232F851B3AF1B0 /* Pods_sendingnetworkSDK_oc_demo.framework */; };
/* End PBXBuildFile section */

/* Begin PBXFileReference section */
		3E2717E3BC405ABE70488960 /* Pods-sendingnetworkSDK-oc-demo.debug.xcconfig */ = {isa = PBXFileReference; includeInIndex = 1; lastKnownFileType = text.xcconfig; name = "Pods-sendingnetworkSDK-oc-demo.debug.xcconfig"; path = "Target Support Files/Pods-sendingnetworkSDK-oc-demo/Pods-sendingnetworkSDK-oc-demo.debug.xcconfig"; sourceTree = "<group>"; };
		6A7C68F429A8B554001A0EDC /* sendingnetworkSDK-oc-demo-Bridging-Header.h */ = {isa = PBXFileReference; lastKnownFileType = sourcecode.c.h; path = "sendingnetworkSDK-oc-demo-Bridging-Header.h"; sourceTree = "<group>"; };
		6A7C68F729A8B83B001A0EDC /* SignManager.swift */ = {isa = PBXFileReference; lastKnownFileType = sourcecode.swift; path = SignManager.swift; sourceTree = "<group>"; };
		6A7D14B629A63A1C00482F3A /* sendingnetworkSDK-oc-demo.app */ = {isa = PBXFileReference; explicitFileType = wrapper.application; includeInIndex = 0; path = "sendingnetworkSDK-oc-demo.app"; sourceTree = BUILT_PRODUCTS_DIR; };
		6A7D14B929A63A1C00482F3A /* AppDelegate.h */ = {isa = PBXFileReference; lastKnownFileType = sourcecode.c.h; path = AppDelegate.h; sourceTree = "<group>"; };
		6A7D14BA29A63A1C00482F3A /* AppDelegate.m */ = {isa = PBXFileReference; lastKnownFileType = sourcecode.c.objc; path = AppDelegate.m; sourceTree = "<group>"; };
		6A7D14BC29A63A1C00482F3A /* SceneDelegate.h */ = {isa = PBXFileReference; lastKnownFileType = sourcecode.c.h; path = SceneDelegate.h; sourceTree = "<group>"; };
		6A7D14BD29A63A1C00482F3A /* SceneDelegate.m */ = {isa = PBXFileReference; lastKnownFileType = sourcecode.c.objc; path = SceneDelegate.m; sourceTree = "<group>"; };
		6A7D14BF29A63A1C00482F3A /* ViewController.h */ = {isa = PBXFileReference; lastKnownFileType = sourcecode.c.h; path = ViewController.h; sourceTree = "<group>"; };
		6A7D14C029A63A1C00482F3A /* ViewController.m */ = {isa = PBXFileReference; lastKnownFileType = sourcecode.c.objc; path = ViewController.m; sourceTree = "<group>"; };
		6A7D14C329A63A1C00482F3A /* Base */ = {isa = PBXFileReference; lastKnownFileType = file.storyboard; name = Base; path = Base.lproj/Main.storyboard; sourceTree = "<group>"; };
		6A7D14C529A63A1E00482F3A /* Assets.xcassets */ = {isa = PBXFileReference; lastKnownFileType = folder.assetcatalog; path = Assets.xcassets; sourceTree = "<group>"; };
		6A7D14C829A63A1E00482F3A /* Base */ = {isa = PBXFileReference; lastKnownFileType = file.storyboard; name = Base; path = Base.lproj/LaunchScreen.storyboard; sourceTree = "<group>"; };
		6A7D14CA29A63A1E00482F3A /* Info.plist */ = {isa = PBXFileReference; lastKnownFileType = text.plist.xml; path = Info.plist; sourceTree = "<group>"; };
		6A7D14CB29A63A1E00482F3A /* main.m */ = {isa = PBXFileReference; lastKnownFileType = sourcecode.c.objc; path = main.m; sourceTree = "<group>"; };
		8126AA5811232F851B3AF1B0 /* Pods_sendingnetworkSDK_oc_demo.framework */ = {isa = PBXFileReference; explicitFileType = wrapper.framework; includeInIndex = 0; path = Pods_sendingnetworkSDK_oc_demo.framework; sourceTree = BUILT_PRODUCTS_DIR; };
		D61D3BA1DEC4AC62216E8FE4 /* Pods-sendingnetworkSDK-oc-demo.release.xcconfig */ = {isa = PBXFileReference; includeInIndex = 1; lastKnownFileType = text.xcconfig; name = "Pods-sendingnetworkSDK-oc-demo.release.xcconfig"; path = "Target Support Files/Pods-sendingnetworkSDK-oc-demo/Pods-sendingnetworkSDK-oc-demo.release.xcconfig"; sourceTree = "<group>"; };
/* End PBXFileReference section */

/* Begin PBXFrameworksBuildPhase section */
		6A7D14B329A63A1C00482F3A /* Frameworks */ = {
			isa = PBXFrameworksBuildPhase;
			buildActionMask = 2147483647;
			files = (
				87B22A0B783408EB02E55D62 /* Pods_sendingnetworkSDK_oc_demo.framework in Frameworks */,
			);
			runOnlyForDeploymentPostprocessing = 0;
		};
/* End PBXFrameworksBuildPhase section */

/* Begin PBXGroup section */
		6A7D14AD29A63A1C00482F3A = {
			isa = PBXGroup;
			children = (
				6A7D14B829A63A1C00482F3A /* sendingnetworkSDK-oc-demo */,
				6A7D14B729A63A1C00482F3A /* Products */,
				CBA476C8E70234F662DA690B /* Pods */,
				E7A1EA917F9A1E22CBDEB42B /* Frameworks */,
			);
			sourceTree = "<group>";
		};
		6A7D14B729A63A1C00482F3A /* Products */ = {
			isa = PBXGroup;
			children = (
				6A7D14B629A63A1C00482F3A /* sendingnetworkSDK-oc-demo.app */,
			);
			name = Products;
			sourceTree = "<group>";
		};
		6A7D14B829A63A1C00482F3A /* sendingnetworkSDK-oc-demo */ = {
			isa = PBXGroup;
			children = (
				6A7D14B929A63A1C00482F3A /* AppDelegate.h */,
				6A7D14BA29A63A1C00482F3A /* AppDelegate.m */,
				6A7D14BC29A63A1C00482F3A /* SceneDelegate.h */,
				6A7D14BD29A63A1C00482F3A /* SceneDelegate.m */,
				6A7D14BF29A63A1C00482F3A /* ViewController.h */,
				6A7D14C029A63A1C00482F3A /* ViewController.m */,
				6A7D14C229A63A1C00482F3A /* Main.storyboard */,
				6A7D14C529A63A1E00482F3A /* Assets.xcassets */,
				6A7D14C729A63A1E00482F3A /* LaunchScreen.storyboard */,
				6A7D14CA29A63A1E00482F3A /* Info.plist */,
				6A7D14CB29A63A1E00482F3A /* main.m */,
				6A7C68F429A8B554001A0EDC /* sendingnetworkSDK-oc-demo-Bridging-Header.h */,
				6A7C68F729A8B83B001A0EDC /* SignManager.swift */,
			);
			path = "sendingnetworkSDK-oc-demo";
			sourceTree = "<group>";
		};
		CBA476C8E70234F662DA690B /* Pods */ = {
			isa = PBXGroup;
			children = (
				3E2717E3BC405ABE70488960 /* Pods-sendingnetworkSDK-oc-demo.debug.xcconfig */,
				D61D3BA1DEC4AC62216E8FE4 /* Pods-sendingnetworkSDK-oc-demo.release.xcconfig */,
			);
			path = Pods;
			sourceTree = "<group>";
		};
		E7A1EA917F9A1E22CBDEB42B /* Frameworks */ = {
			isa = PBXGroup;
			children = (
				8126AA5811232F851B3AF1B0 /* Pods_sendingnetworkSDK_oc_demo.framework */,
			);
			name = Frameworks;
			sourceTree = "<group>";
		};
/* End PBXGroup section */

/* Begin PBXNativeTarget section */
		6A7D14B529A63A1C00482F3A /* sendingnetworkSDK-oc-demo */ = {
			isa = PBXNativeTarget;
			buildConfigurationList = 6A7D14CF29A63A1E00482F3A /* Build configuration list for PBXNativeTarget "sendingnetworkSDK-oc-demo" */;
			buildPhases = (
				868AF24DC1AC964F7475C41E /* [CP] Check Pods Manifest.lock */,
				6A7D14B229A63A1C00482F3A /* Sources */,
				6A7D14B329A63A1C00482F3A /* Frameworks */,
				6A7D14B429A63A1C00482F3A /* Resources */,
				AAF7944D3886C24B20400A50 /* [CP] Embed Pods Frameworks */,
			);
			buildRules = (
			);
			dependencies = (
			);
			name = "sendingnetworkSDK-oc-demo";
			productName = "sendingnetworkSDK-oc-demo";
			productReference = 6A7D14B629A63A1C00482F3A /* sendingnetworkSDK-oc-demo.app */;
			productType = "com.apple.product-type.application";
		};
/* End PBXNativeTarget section */

/* Begin PBXProject section */
		6A7D14AE29A63A1C00482F3A /* Project object */ = {
			isa = PBXProject;
			attributes = {
				BuildIndependentTargetsInParallel = 1;
				LastUpgradeCheck = 1420;
				TargetAttributes = {
					6A7D14B529A63A1C00482F3A = {
						CreatedOnToolsVersion = 14.2;
						LastSwiftMigration = 1420;
					};
				};
			};
			buildConfigurationList = 6A7D14B129A63A1C00482F3A /* Build configuration list for PBXProject "sendingnetworkSDK-oc-demo" */;
			compatibilityVersion = "Xcode 14.0";
			developmentRegion = en;
			hasScannedForEncodings = 0;
			knownRegions = (
				en,
				Base,
			);
			mainGroup = 6A7D14AD29A63A1C00482F3A;
			productRefGroup = 6A7D14B729A63A1C00482F3A /* Products */;
			projectDirPath = "";
			projectRoot = "";
			targets = (
				6A7D14B529A63A1C00482F3A /* sendingnetworkSDK-oc-demo */,
			);
		};
/* End PBXProject section */

/* Begin PBXResourcesBuildPhase section */
		6A7D14B429A63A1C00482F3A /* Resources */ = {
			isa = PBXResourcesBuildPhase;
			buildActionMask = 2147483647;
			files = (
				6A7D14C929A63A1E00482F3A /* LaunchScreen.storyboard in Resources */,
				6A7D14C629A63A1E00482F3A /* Assets.xcassets in Resources */,
				6A7D14C429A63A1C00482F3A /* Main.storyboard in Resources */,
			);
			runOnlyForDeploymentPostprocessing = 0;
		};
/* End PBXResourcesBuildPhase section */

/* Begin PBXShellScriptBuildPhase section */
		868AF24DC1AC964F7475C41E /* [CP] Check Pods Manifest.lock */ = {
			isa = PBXShellScriptBuildPhase;
			buildActionMask = 2147483647;
			files = (
			);
			inputFileListPaths = (
			);
			inputPaths = (
				"${PODS_PODFILE_DIR_PATH}/Podfile.lock",
				"${PODS_ROOT}/Manifest.lock",
			);
			name = "[CP] Check Pods Manifest.lock";
			outputFileListPaths = (
			);
			outputPaths = (
				"$(DERIVED_FILE_DIR)/Pods-sendingnetworkSDK-oc-demo-checkManifestLockResult.txt",
			);
			runOnlyForDeploymentPostprocessing = 0;
			shellPath = /bin/sh;
			shellScript = "diff \"${PODS_PODFILE_DIR_PATH}/Podfile.lock\" \"${PODS_ROOT}/Manifest.lock\" > /dev/null\nif [ $? != 0 ] ; then\n    # print error to STDERR\n    echo \"error: The sandbox is not in sync with the Podfile.lock. Run 'pod install' or update your CocoaPods installation.\" >&2\n    exit 1\nfi\n# This output is used by Xcode 'outputs' to avoid re-running this script phase.\necho \"SUCCESS\" > \"${SCRIPT_OUTPUT_FILE_0}\"\n";
			showEnvVarsInLog = 0;
		};
		AAF7944D3886C24B20400A50 /* [CP] Embed Pods Frameworks */ = {
			isa = PBXShellScriptBuildPhase;
			buildActionMask = 2147483647;
			files = (
			);
			inputFileListPaths = (
				"${PODS_ROOT}/Target Support Files/Pods-sendingnetworkSDK-oc-demo/Pods-sendingnetworkSDK-oc-demo-frameworks-${CONFIGURATION}-input-files.xcfilelist",
			);
			name = "[CP] Embed Pods Frameworks";
			outputFileListPaths = (
				"${PODS_ROOT}/Target Support Files/Pods-sendingnetworkSDK-oc-demo/Pods-sendingnetworkSDK-oc-demo-frameworks-${CONFIGURATION}-output-files.xcfilelist",
			);
			runOnlyForDeploymentPostprocessing = 0;
			shellPath = /bin/sh;
			shellScript = "\"${PODS_ROOT}/Target Support Files/Pods-sendingnetworkSDK-oc-demo/Pods-sendingnetworkSDK-oc-demo-frameworks.sh\"\n";
			showEnvVarsInLog = 0;
		};
/* End PBXShellScriptBuildPhase section */

/* Begin PBXSourcesBuildPhase section */
		6A7D14B229A63A1C00482F3A /* Sources */ = {
			isa = PBXSourcesBuildPhase;
			buildActionMask = 2147483647;
			files = (
				6A7D14C129A63A1C00482F3A /* ViewController.m in Sources */,
				6A7D14BB29A63A1C00482F3A /* AppDelegate.m in Sources */,
				6A7C68F829A8B83B001A0EDC /* SignManager.swift in Sources */,
				6A7D14CC29A63A1E00482F3A /* main.m in Sources */,
				6A7D14BE29A63A1C00482F3A /* SceneDelegate.m in Sources */,
			);
			runOnlyForDeploymentPostprocessing = 0;
		};
/* End PBXSourcesBuildPhase section */

/* Begin PBXVariantGroup section */
		6A7D14C229A63A1C00482F3A /* Main.storyboard */ = {
			isa = PBXVariantGroup;
			children = (
				6A7D14C329A63A1C00482F3A /* Base */,
			);
			name = Main.storyboard;
			sourceTree = "<group>";
		};
		6A7D14C729A63A1E00482F3A /* LaunchScreen.storyboard */ = {
			isa = PBXVariantGroup;
			children = (
				6A7D14C829A63A1E00482F3A /* Base */,
			);
			name = LaunchScreen.storyboard;
			sourceTree = "<group>";
		};
/* End PBXVariantGroup section */

/* Begin XCBuildConfiguration section */
		6A7D14CD29A63A1E00482F3A /* Debug */ = {
			isa = XCBuildConfiguration;
			buildSettings = {
				ALWAYS_SEARCH_USER_PATHS = NO;
				CLANG_ANALYZER_NONNULL = YES;
				CLANG_ANALYZER_NUMBER_OBJECT_CONVERSION = YES_AGGRESSIVE;
				CLANG_CXX_LANGUAGE_STANDARD = "gnu++20";
				CLANG_ENABLE_MODULES = YES;
				CLANG_ENABLE_OBJC_ARC = YES;
				CLANG_ENABLE_OBJC_WEAK = YES;
				CLANG_WARN_BLOCK_CAPTURE_AUTORELEASING = YES;
				CLANG_WARN_BOOL_CONVERSION = YES;
				CLANG_WARN_COMMA = YES;
				CLANG_WARN_CONSTANT_CONVERSION = YES;
				CLANG_WARN_DEPRECATED_OBJC_IMPLEMENTATIONS = YES;
				CLANG_WARN_DIRECT_OBJC_ISA_USAGE = YES_ERROR;
				CLANG_WARN_DOCUMENTATION_COMMENTS = YES;
				CLANG_WARN_EMPTY_BODY = YES;
				CLANG_WARN_ENUM_CONVERSION = YES;
				CLANG_WARN_INFINITE_RECURSION = YES;
				CLANG_WARN_INT_CONVERSION = YES;
				CLANG_WARN_NON_LITERAL_NULL_CONVERSION = YES;
				CLANG_WARN_OBJC_IMPLICIT_RETAIN_SELF = YES;
				CLANG_WARN_OBJC_LITERAL_CONVERSION = YES;
				CLANG_WARN_OBJC_ROOT_CLASS = YES_ERROR;
				CLANG_WARN_QUOTED_INCLUDE_IN_FRAMEWORK_HEADER = YES;
				CLANG_WARN_RANGE_LOOP_ANALYSIS = YES;
				CLANG_WARN_STRICT_PROTOTYPES = YES;
				CLANG_WARN_SUSPICIOUS_MOVE = YES;
				CLANG_WARN_UNGUARDED_AVAILABILITY = YES_AGGRESSIVE;
				CLANG_WARN_UNREACHABLE_CODE = YES;
				CLANG_WARN__DUPLICATE_METHOD_MATCH = YES;
				COPY_PHASE_STRIP = NO;
				DEBUG_INFORMATION_FORMAT = dwarf;
				ENABLE_STRICT_OBJC_MSGSEND = YES;
				ENABLE_TESTABILITY = YES;
				GCC_C_LANGUAGE_STANDARD = gnu11;
				GCC_DYNAMIC_NO_PIC = NO;
				GCC_NO_COMMON_BLOCKS = YES;
				GCC_OPTIMIZATION_LEVEL = 0;
				GCC_PREPROCESSOR_DEFINITIONS = (
					"DEBUG=1",
					"$(inherited)",
				);
				GCC_WARN_64_TO_32_BIT_CONVERSION = YES;
				GCC_WARN_ABOUT_RETURN_TYPE = YES_ERROR;
				GCC_WARN_UNDECLARED_SELECTOR = YES;
				GCC_WARN_UNINITIALIZED_AUTOS = YES_AGGRESSIVE;
				GCC_WARN_UNUSED_FUNCTION = YES;
				GCC_WARN_UNUSED_VARIABLE = YES;
				IPHONEOS_DEPLOYMENT_TARGET = 16.2;
				MTL_ENABLE_DEBUG_INFO = INCLUDE_SOURCE;
				MTL_FAST_MATH = YES;
				ONLY_ACTIVE_ARCH = YES;
				SDKROOT = iphoneos;
			};
			name = Debug;
		};
		6A7D14CE29A63A1E00482F3A /* Release */ = {
			isa = XCBuildConfiguration;
			buildSettings = {
				ALWAYS_SEARCH_USER_PATHS = NO;
				CLANG_ANALYZER_NONNULL = YES;
				CLANG_ANALYZER_NUMBER_OBJECT_CONVERSION = YES_AGGRESSIVE;
				CLANG_CXX_LANGUAGE_STANDARD = "gnu++20";
				CLANG_ENABLE_MODULES = YES;
				CLANG_ENABLE_OBJC_ARC = YES;
				CLANG_ENABLE_OBJC_WEAK = YES;
				CLANG_WARN_BLOCK_CAPTURE_AUTORELEASING = YES;
				CLANG_WARN_BOOL_CONVERSION = YES;
				CLANG_WARN_COMMA = YES;
				CLANG_WARN_CONSTANT_CONVERSION = YES;
				CLANG_WARN_DEPRECATED_OBJC_IMPLEMENTATIONS = YES;
				CLANG_WARN_DIRECT_OBJC_ISA_USAGE = YES_ERROR;
				CLANG_WARN_DOCUMENTATION_COMMENTS = YES;
				CLANG_WARN_EMPTY_BODY = YES;
				CLANG_WARN_ENUM_CONVERSION = YES;
				CLANG_WARN_INFINITE_RECURSION = YES;
				CLANG_WARN_INT_CONVERSION = YES;
				CLANG_WARN_NON_LITERAL_NULL_CONVERSION = YES;
				CLANG_WARN_OBJC_IMPLICIT_RETAIN_SELF = YES;
				CLANG_WARN_OBJC_LITERAL_CONVERSION = YES;
				CLANG_WARN_OBJC_ROOT_CLASS = YES_ERROR;
				CLANG_WARN_QUOTED_INCLUDE_IN_FRAMEWORK_HEADER = YES;
				CLANG_WARN_RANGE_LOOP_ANALYSIS = YES;
				CLANG_WARN_STRICT_PROTOTYPES = YES;
				CLANG_WARN_SUSPICIOUS_MOVE = YES;
				CLANG_WARN_UNGUARDED_AVAILABILITY = YES_AGGRESSIVE;
				CLANG_WARN_UNREACHABLE_CODE = YES;
				CLANG_WARN__DUPLICATE_METHOD_MATCH = YES;
				COPY_PHASE_STRIP = NO;
				DEBUG_INFORMATION_FORMAT = "dwarf-with-dsym";
				ENABLE_NS_ASSERTIONS = NO;
				ENABLE_STRICT_OBJC_MSGSEND = YES;
				GCC_C_LANGUAGE_STANDARD = gnu11;
				GCC_NO_COMMON_BLOCKS = YES;
				GCC_WARN_64_TO_32_BIT_CONVERSION = YES;
				GCC_WARN_ABOUT_RETURN_TYPE = YES_ERROR;
				GCC_WARN_UNDECLARED_SELECTOR = YES;
				GCC_WARN_UNINITIALIZED_AUTOS = YES_AGGRESSIVE;
				GCC_WARN_UNUSED_FUNCTION = YES;
				GCC_WARN_UNUSED_VARIABLE = YES;
				IPHONEOS_DEPLOYMENT_TARGET = 16.2;
				MTL_ENABLE_DEBUG_INFO = NO;
				MTL_FAST_MATH = YES;
				SDKROOT = iphoneos;
				VALIDATE_PRODUCT = YES;
			};
			name = Release;
		};
		6A7D14D029A63A1E00482F3A /* Debug */ = {
			isa = XCBuildConfiguration;
			baseConfigurationReference = 3E2717E3BC405ABE70488960 /* Pods-sendingnetworkSDK-oc-demo.debug.xcconfig */;
			buildSettings = {
				ASSETCATALOG_COMPILER_APPICON_NAME = AppIcon;
				ASSETCATALOG_COMPILER_GLOBAL_ACCENT_COLOR_NAME = AccentColor;
				CLANG_ENABLE_MODULES = YES;
				CLANG_ENABLE_OBJC_WEAK = NO;
				CODE_SIGN_STYLE = Automatic;
				CURRENT_PROJECT_VERSION = 1;
				DEFINES_MODULE = YES;
				GENERATE_INFOPLIST_FILE = YES;
				INFOPLIST_FILE = "sendingnetworkSDK-oc-demo/Info.plist";
				INFOPLIST_KEY_UIApplicationSupportsIndirectInputEvents = YES;
				INFOPLIST_KEY_UILaunchStoryboardName = LaunchScreen;
				INFOPLIST_KEY_UIMainStoryboardFile = Main;
				INFOPLIST_KEY_UISupportedInterfaceOrientations_iPad = "UIInterfaceOrientationPortrait UIInterfaceOrientationPortraitUpsideDown UIInterfaceOrientationLandscapeLeft UIInterfaceOrientationLandscapeRight";
				INFOPLIST_KEY_UISupportedInterfaceOrientations_iPhone = "UIInterfaceOrientationPortrait UIInterfaceOrientationLandscapeLeft UIInterfaceOrientationLandscapeRight";
				LD_RUNPATH_SEARCH_PATHS = (
					"$(inherited)",
					"@executable_path/Frameworks",
				);
				MARKETING_VERSION = 1.0;
				PRODUCT_BUNDLE_IDENTIFIER = "com.abc.sendingnetworkSDK-oc-demo";
				PRODUCT_NAME = "$(TARGET_NAME)";
				SWIFT_EMIT_LOC_STRINGS = YES;
				SWIFT_OBJC_BRIDGING_HEADER = "sendingnetworkSDK-oc-demo/sendingnetworkSDK-oc-demo-Bridging-Header.h";
				SWIFT_OPTIMIZATION_LEVEL = "-Onone";
				SWIFT_VERSION = 5.0;
				TARGETED_DEVICE_FAMILY = "1,2";
			};
			name = Debug;
		};
		6A7D14D129A63A1E00482F3A /* Release */ = {
			isa = XCBuildConfiguration;
			baseConfigurationReference = D61D3BA1DEC4AC62216E8FE4 /* Pods-sendingnetworkSDK-oc-demo.release.xcconfig */;
			buildSettings = {
				ASSETCATALOG_COMPILER_APPICON_NAME = AppIcon;
				ASSETCATALOG_COMPILER_GLOBAL_ACCENT_COLOR_NAME = AccentColor;
				CLANG_ENABLE_MODULES = YES;
				CLANG_ENABLE_OBJC_WEAK = NO;
				CODE_SIGN_STYLE = Automatic;
				CURRENT_PROJECT_VERSION = 1;
				DEFINES_MODULE = YES;
				GENERATE_INFOPLIST_FILE = YES;
				INFOPLIST_FILE = "sendingnetworkSDK-oc-demo/Info.plist";
				INFOPLIST_KEY_UIApplicationSupportsIndirectInputEvents = YES;
				INFOPLIST_KEY_UILaunchStoryboardName = LaunchScreen;
				INFOPLIST_KEY_UIMainStoryboardFile = Main;
				INFOPLIST_KEY_UISupportedInterfaceOrientations_iPad = "UIInterfaceOrientationPortrait UIInterfaceOrientationPortraitUpsideDown UIInterfaceOrientationLandscapeLeft UIInterfaceOrientationLandscapeRight";
				INFOPLIST_KEY_UISupportedInterfaceOrientations_iPhone = "UIInterfaceOrientationPortrait UIInterfaceOrientationLandscapeLeft UIInterfaceOrientationLandscapeRight";
				LD_RUNPATH_SEARCH_PATHS = (
					"$(inherited)",
					"@executable_path/Frameworks",
				);
				MARKETING_VERSION = 1.0;
				PRODUCT_BUNDLE_IDENTIFIER = "com.abc.sendingnetworkSDK-oc-demo";
				PRODUCT_NAME = "$(TARGET_NAME)";
				SWIFT_EMIT_LOC_STRINGS = YES;
				SWIFT_OBJC_BRIDGING_HEADER = "sendingnetworkSDK-oc-demo/sendingnetworkSDK-oc-demo-Bridging-Header.h";
				SWIFT_VERSION = 5.0;
				TARGETED_DEVICE_FAMILY = "1,2";
			};
			name = Release;
		};
/* End XCBuildConfiguration section */

/* Begin XCConfigurationList section */
		6A7D14B129A63A1C00482F3A /* Build configuration list for PBXProject "sendingnetworkSDK-oc-demo" */ = {
			isa = XCConfigurationList;
			buildConfigurations = (
				6A7D14CD29A63A1E00482F3A /* Debug */,
				6A7D14CE29A63A1E00482F3A /* Release */,
			);
			defaultConfigurationIsVisible = 0;
			defaultConfigurationName = Release;
		};
		6A7D14CF29A63A1E00482F3A /* Build configuration list for PBXNativeTarget "sendingnetworkSDK-oc-demo" */ = {
			isa = XCConfigurationList;
			buildConfigurations = (
				6A7D14D029A63A1E00482F3A /* Debug */,
				6A7D14D129A63A1E00482F3A /* Release */,
			);
			defaultConfigurationIsVisible = 0;
			defaultConfigurationName = Release;
		};
/* End XCConfigurationList section */
	};
	rootObject = 6A7D14AE29A63A1C00482F3A /* Project object */;
}
